// !$*UTF8*$!
{
	archiveVersion = 1;
	classes = {
	};
	objectVersion = 55;
	objects = {

/* Begin PBXBuildFile section */
		2279FE2827EAB5F200461DB2 /* AppDelegate.swift in Sources */ = {isa = PBXBuildFile; fileRef = 2279FE2727EAB5F200461DB2 /* AppDelegate.swift */; };
		2279FE2A27EAB5F200461DB2 /* SceneDelegate.swift in Sources */ = {isa = PBXBuildFile; fileRef = 2279FE2927EAB5F200461DB2 /* SceneDelegate.swift */; };
		2279FE2C27EAB5F200461DB2 /* ViewController.swift in Sources */ = {isa = PBXBuildFile; fileRef = 2279FE2B27EAB5F200461DB2 /* ViewController.swift */; };
		2279FE2F27EAB5F200461DB2 /* Main.storyboard in Resources */ = {isa = PBXBuildFile; fileRef = 2279FE2D27EAB5F200461DB2 /* Main.storyboard */; };
		2279FE3127EAB5F400461DB2 /* Assets.xcassets in Resources */ = {isa = PBXBuildFile; fileRef = 2279FE3027EAB5F400461DB2 /* Assets.xcassets */; };
		2279FE3427EAB5F400461DB2 /* LaunchScreen.storyboard in Resources */ = {isa = PBXBuildFile; fileRef = 2279FE3227EAB5F400461DB2 /* LaunchScreen.storyboard */; };
		2279FE3C27EAB7B200461DB2 /* VideoRecorderViewController.swift in Sources */ = {isa = PBXBuildFile; fileRef = 2279FE3B27EAB7B200461DB2 /* VideoRecorderViewController.swift */; };
/* End PBXBuildFile section */

/* Begin PBXFileReference section */
		2279FE2427EAB5F200461DB2 /* MediaProcessor.app */ = {isa = PBXFileReference; explicitFileType = wrapper.application; includeInIndex = 0; path = MediaProcessor.app; sourceTree = BUILT_PRODUCTS_DIR; };
		2279FE2727EAB5F200461DB2 /* AppDelegate.swift */ = {isa = PBXFileReference; lastKnownFileType = sourcecode.swift; path = AppDelegate.swift; sourceTree = "<group>"; };
		2279FE2927EAB5F200461DB2 /* SceneDelegate.swift */ = {isa = PBXFileReference; lastKnownFileType = sourcecode.swift; path = SceneDelegate.swift; sourceTree = "<group>"; };
		2279FE2B27EAB5F200461DB2 /* ViewController.swift */ = {isa = PBXFileReference; lastKnownFileType = sourcecode.swift; path = ViewController.swift; sourceTree = "<group>"; };
		2279FE2E27EAB5F200461DB2 /* Base */ = {isa = PBXFileReference; lastKnownFileType = file.storyboard; name = Base; path = Base.lproj/Main.storyboard; sourceTree = "<group>"; };
		2279FE3027EAB5F400461DB2 /* Assets.xcassets */ = {isa = PBXFileReference; lastKnownFileType = folder.assetcatalog; path = Assets.xcassets; sourceTree = "<group>"; };
		2279FE3327EAB5F400461DB2 /* Base */ = {isa = PBXFileReference; lastKnownFileType = file.storyboard; name = Base; path = Base.lproj/LaunchScreen.storyboard; sourceTree = "<group>"; };
		2279FE3527EAB5F400461DB2 /* Info.plist */ = {isa = PBXFileReference; lastKnownFileType = text.plist.xml; path = Info.plist; sourceTree = "<group>"; };
		2279FE3B27EAB7B200461DB2 /* VideoRecorderViewController.swift */ = {isa = PBXFileReference; lastKnownFileType = sourcecode.swift; path = VideoRecorderViewController.swift; sourceTree = "<group>"; };
/* End PBXFileReference section */

/* Begin PBXFrameworksBuildPhase section */
		2279FE2127EAB5F200461DB2 /* Frameworks */ = {
			isa = PBXFrameworksBuildPhase;
			buildActionMask = 2147483647;
			files = (
			);
			runOnlyForDeploymentPostprocessing = 0;
		};
/* End PBXFrameworksBuildPhase section */

/* Begin PBXGroup section */
		2279FE1B27EAB5F200461DB2 = {
			isa = PBXGroup;
			children = (
				2279FE2627EAB5F200461DB2 /* MediaProcessor */,
				2279FE2527EAB5F200461DB2 /* Products */,
			);
			sourceTree = "<group>";
		};
		2279FE2527EAB5F200461DB2 /* Products */ = {
			isa = PBXGroup;
			children = (
				2279FE2427EAB5F200461DB2 /* MediaProcessor.app */,
			);
			name = Products;
			sourceTree = "<group>";
		};
		2279FE2627EAB5F200461DB2 /* MediaProcessor */ = {
			isa = PBXGroup;
			children = (
				2279FE2727EAB5F200461DB2 /* AppDelegate.swift */,
				2279FE2927EAB5F200461DB2 /* SceneDelegate.swift */,
				2279FE2B27EAB5F200461DB2 /* ViewController.swift */,
				2279FE3B27EAB7B200461DB2 /* VideoRecorderViewController.swift */,
				2279FE2D27EAB5F200461DB2 /* Main.storyboard */,
				2279FE3027EAB5F400461DB2 /* Assets.xcassets */,
				2279FE3227EAB5F400461DB2 /* LaunchScreen.storyboard */,
				2279FE3527EAB5F400461DB2 /* Info.plist */,
			);
			path = MediaProcessor;
			sourceTree = "<group>";
		};
/* End PBXGroup section */

/* Begin PBXNativeTarget section */
		2279FE2327EAB5F200461DB2 /* MediaProcessor */ = {
			isa = PBXNativeTarget;
			buildConfigurationList = 2279FE3827EAB5F400461DB2 /* Build configuration list for PBXNativeTarget "MediaProcessor" */;
			buildPhases = (
				2279FE2027EAB5F200461DB2 /* Sources */,
				2279FE2127EAB5F200461DB2 /* Frameworks */,
				2279FE2227EAB5F200461DB2 /* Resources */,
			);
			buildRules = (
			);
			dependencies = (
			);
			name = MediaProcessor;
			productName = MediaProcessor;
			productReference = 2279FE2427EAB5F200461DB2 /* MediaProcessor.app */;
			productType = "com.apple.product-type.application";
		};
/* End PBXNativeTarget section */

/* Begin PBXProject section */
		2279FE1C27EAB5F200461DB2 /* Project object */ = {
			isa = PBXProject;
			attributes = {
				BuildIndependentTargetsInParallel = 1;
				LastSwiftUpdateCheck = 1330;
				LastUpgradeCheck = 1330;
				TargetAttributes = {
					2279FE2327EAB5F200461DB2 = {
						CreatedOnToolsVersion = 13.3;
					};
				};
			};
			buildConfigurationList = 2279FE1F27EAB5F200461DB2 /* Build configuration list for PBXProject "MediaProcessor" */;
			compatibilityVersion = "Xcode 13.0";
			developmentRegion = en;
			hasScannedForEncodings = 0;
			knownRegions = (
				en,
				Base,
			);
			mainGroup = 2279FE1B27EAB5F200461DB2;
			productRefGroup = 2279FE2527EAB5F200461DB2 /* Products */;
			projectDirPath = "";
			projectRoot = "";
			targets = (
				2279FE2327EAB5F200461DB2 /* MediaProcessor */,
			);
		};
/* End PBXProject section */

/* Begin PBXResourcesBuildPhase section */
		2279FE2227EAB5F200461DB2 /* Resources */ = {
			isa = PBXResourcesBuildPhase;
			buildActionMask = 2147483647;
			files = (
				2279FE3427EAB5F400461DB2 /* LaunchScreen.storyboard in Resources */,
				2279FE3127EAB5F400461DB2 /* Assets.xcassets in Resources */,
				2279FE2F27EAB5F200461DB2 /* Main.storyboard in Resources */,
			);
			runOnlyForDeploymentPostprocessing = 0;
		};
/* End PBXResourcesBuildPhase section */

/* Begin PBXSourcesBuildPhase section */
		2279FE2027EAB5F200461DB2 /* Sources */ = {
			isa = PBXSourcesBuildPhase;
			buildActionMask = 2147483647;
			files = (
				2279FE3C27EAB7B200461DB2 /* VideoRecorderViewController.swift in Sources */,
				2279FE2C27EAB5F200461DB2 /* ViewController.swift in Sources */,
				2279FE2827EAB5F200461DB2 /* AppDelegate.swift in Sources */,
				2279FE2A27EAB5F200461DB2 /* SceneDelegate.swift in Sources */,
			);
			runOnlyForDeploymentPostprocessing = 0;
		};
/* End PBXSourcesBuildPhase section */

/* Begin PBXVariantGroup section */
		2279FE2D27EAB5F200461DB2 /* Main.storyboard */ = {
			isa = PBXVariantGroup;
			children = (
				2279FE2E27EAB5F200461DB2 /* Base */,
			);
			name = Main.storyboard;
			sourceTree = "<group>";
		};
		2279FE3227EAB5F400461DB2 /* LaunchScreen.storyboard */ = {
			isa = PBXVariantGroup;
			children = (
				2279FE3327EAB5F400461DB2 /* Base */,
			);
			name = LaunchScreen.storyboard;
			sourceTree = "<group>";
		};
/* End PBXVariantGroup section */

/* Begin XCBuildConfiguration section */
		2279FE3627EAB5F400461DB2 /* Debug */ = {
			isa = XCBuildConfiguration;
			buildSettings = {
				ALWAYS_SEARCH_USER_PATHS = NO;
				CLANG_ANALYZER_NONNULL = YES;
				CLANG_ANALYZER_NUMBER_OBJECT_CONVERSION = YES_AGGRESSIVE;
				CLANG_CXX_LANGUAGE_STANDARD = "gnu++17";
				CLANG_ENABLE_MODULES = YES;
				CLANG_ENABLE_OBJC_ARC = YES;
				CLANG_ENABLE_OBJC_WEAK = YES;
				CLANG_WARN_BLOCK_CAPTURE_AUTORELEASING = YES;
				CLANG_WARN_BOOL_CONVERSION = YES;
				CLANG_WARN_COMMA = YES;
				CLANG_WARN_CONSTANT_CONVERSION = YES;
				CLANG_WARN_DEPRECATED_OBJC_IMPLEMENTATIONS = YES;
				CLANG_WARN_DIRECT_OBJC_ISA_USAGE = YES_ERROR;
				CLANG_WARN_DOCUMENTATION_COMMENTS = YES;
				CLANG_WARN_EMPTY_BODY = YES;
				CLANG_WARN_ENUM_CONVERSION = YES;
				CLANG_WARN_INFINITE_RECURSION = YES;
				CLANG_WARN_INT_CONVERSION = YES;
				CLANG_WARN_NON_LITERAL_NULL_CONVERSION = YES;
				CLANG_WARN_OBJC_IMPLICIT_RETAIN_SELF = YES;
				CLANG_WARN_OBJC_LITERAL_CONVERSION = YES;
				CLANG_WARN_OBJC_ROOT_CLASS = YES_ERROR;
				CLANG_WARN_QUOTED_INCLUDE_IN_FRAMEWORK_HEADER = YES;
				CLANG_WARN_RANGE_LOOP_ANALYSIS = YES;
				CLANG_WARN_STRICT_PROTOTYPES = YES;
				CLANG_WARN_SUSPICIOUS_MOVE = YES;
				CLANG_WARN_UNGUARDED_AVAILABILITY = YES_AGGRESSIVE;
				CLANG_WARN_UNREACHABLE_CODE = YES;
				CLANG_WARN__DUPLICATE_METHOD_MATCH = YES;
				COPY_PHASE_STRIP = NO;
				DEBUG_INFORMATION_FORMAT = dwarf;
				ENABLE_STRICT_OBJC_MSGSEND = YES;
				ENABLE_TESTABILITY = YES;
				GCC_C_LANGUAGE_STANDARD = gnu11;
				GCC_DYNAMIC_NO_PIC = NO;
				GCC_NO_COMMON_BLOCKS = YES;
				GCC_OPTIMIZATION_LEVEL = 0;
				GCC_PREPROCESSOR_DEFINITIONS = (
					"DEBUG=1",
					"$(inherited)",
				);
				GCC_WARN_64_TO_32_BIT_CONVERSION = YES;
				GCC_WARN_ABOUT_RETURN_TYPE = YES_ERROR;
				GCC_WARN_UNDECLARED_SELECTOR = YES;
				GCC_WARN_UNINITIALIZED_AUTOS = YES_AGGRESSIVE;
				GCC_WARN_UNUSED_FUNCTION = YES;
				GCC_WARN_UNUSED_VARIABLE = YES;
				IPHONEOS_DEPLOYMENT_TARGET = 15.4;
				MTL_ENABLE_DEBUG_INFO = INCLUDE_SOURCE;
				MTL_FAST_MATH = YES;
				ONLY_ACTIVE_ARCH = YES;
				SDKROOT = iphoneos;
				SWIFT_ACTIVE_COMPILATION_CONDITIONS = DEBUG;
				SWIFT_OPTIMIZATION_LEVEL = "-Onone";
			};
			name = Debug;
		};
		2279FE3727EAB5F400461DB2 /* Release */ = {
			isa = XCBuildConfiguration;
			buildSettings = {
				ALWAYS_SEARCH_USER_PATHS = NO;
				CLANG_ANALYZER_NONNULL = YES;
				CLANG_ANALYZER_NUMBER_OBJECT_CONVERSION = YES_AGGRESSIVE;
				CLANG_CXX_LANGUAGE_STANDARD = "gnu++17";
				CLANG_ENABLE_MODULES = YES;
				CLANG_ENABLE_OBJC_ARC = YES;
				CLANG_ENABLE_OBJC_WEAK = YES;
				CLANG_WARN_BLOCK_CAPTURE_AUTORELEASING = YES;
				CLANG_WARN_BOOL_CONVERSION = YES;
				CLANG_WARN_COMMA = YES;
				CLANG_WARN_CONSTANT_CONVERSION = YES;
				CLANG_WARN_DEPRECATED_OBJC_IMPLEMENTATIONS = YES;
				CLANG_WARN_DIRECT_OBJC_ISA_USAGE = YES_ERROR;
				CLANG_WARN_DOCUMENTATION_COMMENTS = YES;
				CLANG_WARN_EMPTY_BODY = YES;
				CLANG_WARN_ENUM_CONVERSION = YES;
				CLANG_WARN_INFINITE_RECURSION = YES;
				CLANG_WARN_INT_CONVERSION = YES;
				CLANG_WARN_NON_LITERAL_NULL_CONVERSION = YES;
				CLANG_WARN_OBJC_IMPLICIT_RETAIN_SELF = YES;
				CLANG_WARN_OBJC_LITERAL_CONVERSION = YES;
				CLANG_WARN_OBJC_ROOT_CLASS = YES_ERROR;
				CLANG_WARN_QUOTED_INCLUDE_IN_FRAMEWORK_HEADER = YES;
				CLANG_WARN_RANGE_LOOP_ANALYSIS = YES;
				CLANG_WARN_STRICT_PROTOTYPES = YES;
				CLANG_WARN_SUSPICIOUS_MOVE = YES;
				CLANG_WARN_UNGUARDED_AVAILABILITY = YES_AGGRESSIVE;
				CLANG_WARN_UNREACHABLE_CODE = YES;
				CLANG_WARN__DUPLICATE_METHOD_MATCH = YES;
				COPY_PHASE_STRIP = NO;
				DEBUG_INFORMATION_FORMAT = "dwarf-with-dsym";
				ENABLE_NS_ASSERTIONS = NO;
				ENABLE_STRICT_OBJC_MSGSEND = YES;
				GCC_C_LANGUAGE_STANDARD = gnu11;
				GCC_NO_COMMON_BLOCKS = YES;
				GCC_WARN_64_TO_32_BIT_CONVERSION = YES;
				GCC_WARN_ABOUT_RETURN_TYPE = YES_ERROR;
				GCC_WARN_UNDECLARED_SELECTOR = YES;
				GCC_WARN_UNINITIALIZED_AUTOS = YES_AGGRESSIVE;
				GCC_WARN_UNUSED_FUNCTION = YES;
				GCC_WARN_UNUSED_VARIABLE = YES;
				IPHONEOS_DEPLOYMENT_TARGET = 15.4;
				MTL_ENABLE_DEBUG_INFO = NO;
				MTL_FAST_MATH = YES;
				SDKROOT = iphoneos;
				SWIFT_COMPILATION_MODE = wholemodule;
				SWIFT_OPTIMIZATION_LEVEL = "-O";
				VALIDATE_PRODUCT = YES;
			};
			name = Release;
		};
		2279FE3927EAB5F400461DB2 /* Debug */ = {
			isa = XCBuildConfiguration;
			buildSettings = {
				ASSETCATALOG_COMPILER_APPICON_NAME = AppIcon;
				ASSETCATALOG_COMPILER_GLOBAL_ACCENT_COLOR_NAME = AccentColor;
				CODE_SIGN_IDENTITY = "Apple Development";
				CODE_SIGN_STYLE = Automatic;
				CURRENT_PROJECT_VERSION = 1;
				DEVELOPMENT_TEAM = 8DAEZ674RP;
				GENERATE_INFOPLIST_FILE = YES;
				INFOPLIST_FILE = MediaProcessor/Info.plist;
				INFOPLIST_KEY_NSCameraUsageDescription = "For video recording";
				INFOPLIST_KEY_NSPhotoLibraryUsageDescription = "For photo recording";
				INFOPLIST_KEY_UIApplicationSupportsIndirectInputEvents = YES;
				INFOPLIST_KEY_UILaunchStoryboardName = LaunchScreen;
				INFOPLIST_KEY_UIMainStoryboardFile = Main;
				INFOPLIST_KEY_UISupportedInterfaceOrientations_iPad = "UIInterfaceOrientationPortrait UIInterfaceOrientationPortraitUpsideDown UIInterfaceOrientationLandscapeLeft UIInterfaceOrientationLandscapeRight";
				INFOPLIST_KEY_UISupportedInterfaceOrientations_iPhone = "UIInterfaceOrientationPortrait UIInterfaceOrientationLandscapeLeft UIInterfaceOrientationLandscapeRight";
				IPHONEOS_DEPLOYMENT_TARGET = 12.4;
				LD_RUNPATH_SEARCH_PATHS = (
					"$(inherited)",
					"@executable_path/Frameworks",
				);
				MARKETING_VERSION = 1.0;
				PRODUCT_BUNDLE_IDENTIFIER = com.ventive.mediaprocessor;
				PRODUCT_NAME = "$(TARGET_NAME)";
				PROVISIONING_PROFILE_SPECIFIER = "";
				SWIFT_EMIT_LOC_STRINGS = YES;
				SWIFT_VERSION = 5.0;
				TARGETED_DEVICE_FAMILY = "1,2";
			};
			name = Debug;
		};
		2279FE3A27EAB5F400461DB2 /* Release */ = {
			isa = XCBuildConfiguration;
			buildSettings = {
				ASSETCATALOG_COMPILER_APPICON_NAME = AppIcon;
				ASSETCATALOG_COMPILER_GLOBAL_ACCENT_COLOR_NAME = AccentColor;
				CODE_SIGN_IDENTITY = "Apple Development";
				CODE_SIGN_STYLE = Automatic;
				CURRENT_PROJECT_VERSION = 1;
				DEVELOPMENT_TEAM = 8DAEZ674RP;
				GENERATE_INFOPLIST_FILE = YES;
				INFOPLIST_FILE = MediaProcessor/Info.plist;
				INFOPLIST_KEY_NSCameraUsageDescription = "For video recording";
				INFOPLIST_KEY_NSPhotoLibraryUsageDescription = "For photo recording";
				INFOPLIST_KEY_UIApplicationSupportsIndirectInputEvents = YES;
				INFOPLIST_KEY_UILaunchStoryboardName = LaunchScreen;
				INFOPLIST_KEY_UIMainStoryboardFile = Main;
				INFOPLIST_KEY_UISupportedInterfaceOrientations_iPad = "UIInterfaceOrientationPortrait UIInterfaceOrientationPortraitUpsideDown UIInterfaceOrientationLandscapeLeft UIInterfaceOrientationLandscapeRight";
				INFOPLIST_KEY_UISupportedInterfaceOrientations_iPhone = "UIInterfaceOrientationPortrait UIInterfaceOrientationLandscapeLeft UIInterfaceOrientationLandscapeRight";
				IPHONEOS_DEPLOYMENT_TARGET = 12.4;
				LD_RUNPATH_SEARCH_PATHS = (
					"$(inherited)",
					"@executable_path/Frameworks",
				);
				MARKETING_VERSION = 1.0;
				PRODUCT_BUNDLE_IDENTIFIER = com.ventive.mediaprocessor;
				PRODUCT_NAME = "$(TARGET_NAME)";
				PROVISIONING_PROFILE_SPECIFIER = "";
				SWIFT_EMIT_LOC_STRINGS = YES;
				SWIFT_VERSION = 5.0;
				TARGETED_DEVICE_FAMILY = "1,2";
			};
			name = Release;
		};
/* End XCBuildConfiguration section */

/* Begin XCConfigurationList section */
		2279FE1F27EAB5F200461DB2 /* Build configuration list for PBXProject "MediaProcessor" */ = {
			isa = XCConfigurationList;
			buildConfigurations = (
				2279FE3627EAB5F400461DB2 /* Debug */,
				2279FE3727EAB5F400461DB2 /* Release */,
			);
			defaultConfigurationIsVisible = 0;
			defaultConfigurationName = Release;
		};
		2279FE3827EAB5F400461DB2 /* Build configuration list for PBXNativeTarget "MediaProcessor" */ = {
			isa = XCConfigurationList;
			buildConfigurations = (
				2279FE3927EAB5F400461DB2 /* Debug */,
				2279FE3A27EAB5F400461DB2 /* Release */,
			);
			defaultConfigurationIsVisible = 0;
			defaultConfigurationName = Release;
		};
/* End XCConfigurationList section */
	};
	rootObject = 2279FE1C27EAB5F200461DB2 /* Project object */;
}
